
Microsoft Visual Studio Solution File, Format Version 12.00
# Visual Studio Version 16
VisualStudioVersion = 16.0.29609.76
MinimumVisualStudioVersion = 10.0.40219.1
Project("{9A19103F-16F7-4668-BE54-9A1E7A4F7556}") = "FCUtil", "core\FCUtil.csproj", "{87117169-2564-4B96-AFE0-24FC86C349E8}"
EndProject
Project("{9A19103F-16F7-4668-BE54-9A1E7A4F7556}") = "tests", "tests\tests.csproj", "{98F697FB-6F79-42A3-8918-1B46667A2980}"
EndProject
Global
	GlobalSection(SolutionConfigurationPlatforms) = preSolution
		Debug|Any CPU = Debug|Any CPU
		Release|Any CPU = Release|Any CPU
	EndGlobalSection
	GlobalSection(ProjectConfigurationPlatforms) = postSolution
		{87117169-2564-4B96-AFE0-24FC86C349E8}.Debug|Any CPU.ActiveCfg = Debug|Any CPU
		{87117169-2564-4B96-AFE0-24FC86C349E8}.Debug|Any CPU.Build.0 = Debug|Any CPU
		{87117169-2564-4B96-AFE0-24FC86C349E8}.Release|Any CPU.ActiveCfg = Release|Any CPU
		{87117169-2564-4B96-AFE0-24FC86C349E8}.Release|Any CPU.Build.0 = Release|Any CPU
		{98F697FB-6F79-42A3-8918-1B46667A2980}.Debug|Any CPU.ActiveCfg = Debug|Any CPU
		{98F697FB-6F79-42A3-8918-1B46667A2980}.Debug|Any CPU.Build.0 = Debug|Any CPU
		{98F697FB-6F79-42A3-8918-1B46667A2980}.Release|Any CPU.ActiveCfg = Release|Any CPU
		{98F697FB-6F79-42A3-8918-1B46667A2980}.Release|Any CPU.Build.0 = Release|Any CPU
	EndGlobalSection
	GlobalSection(SolutionProperties) = preSolution
		HideSolutionNode = FALSE
	EndGlobalSection
	GlobalSection(ExtensibilityGlobals) = postSolution
		SolutionGuid = {7BEF79BD-6DA9-4B5E-8D41-E80FE7322AC3}
	EndGlobalSection
EndGlobal
